
Microsoft Visual Studio Solution File, Format Version 10.00
# Visual Studio 2008
Project("{E24C65DC-7377-472B-9ABA-BC803B73C61A}") = "gta", "..\", "{118FE2DB-16F7-45D1-9E4D-EF62F3FA821C}"
	ProjectSection(WebsiteProperties) = preProject
		TargetFramework = "3.5"
		Debug.AspNetCompiler.VirtualPath = "/gta"
		Debug.AspNetCompiler.PhysicalPath = "G:\OneDrive - Default Directory\OneDrive - rede.sp\Workspace_Atendimento_Call\gta\"
		Debug.AspNetCompiler.TargetPath = "PrecompiledWeb\gta\"
		Debug.AspNetCompiler.Updateable = "true"
		Debug.AspNetCompiler.ForceOverwrite = "true"
		Debug.AspNetCompiler.FixedNames = "false"
		Debug.AspNetCompiler.Debug = "True"
		Release.AspNetCompiler.VirtualPath = "/gta"
		Release.AspNetCompiler.PhysicalPath = "G:\OneDrive - Default Directory\OneDrive - rede.sp\Workspace_Atendimento_Call\gta\"
		Release.AspNetCompiler.TargetPath = "PrecompiledWeb\gta\"
		Release.AspNetCompiler.Updateable = "true"
		Release.AspNetCompiler.ForceOverwrite = "true"
		Release.AspNetCompiler.FixedNames = "false"
		Release.AspNetCompiler.Debug = "False"
		VWDPort = "32378"
	EndProjectSection
EndProject
Global
	GlobalSection(SolutionConfigurationPlatforms) = preSolution
		Debug|Any CPU = Debug|Any CPU
	EndGlobalSection
	GlobalSection(ProjectConfigurationPlatforms) = postSolution
		{118FE2DB-16F7-45D1-9E4D-EF62F3FA821C}.Debug|Any CPU.ActiveCfg = Debug|Any CPU
		{118FE2DB-16F7-45D1-9E4D-EF62F3FA821C}.Debug|Any CPU.Build.0 = Debug|Any CPU
	EndGlobalSection
	GlobalSection(SolutionProperties) = preSolution
		HideSolutionNode = FALSE
	EndGlobalSection
EndGlobal
